
Microsoft Visual Studio Solution File, Format Version 12.00
# Visual Studio 15
VisualStudioVersion = 15.0.27004.2005
MinimumVisualStudioVersion = 10.0.40219.1
Project("{9A19103F-16F7-4668-BE54-9A1E7A4F7556}") = "DotnetCore.RSA", "DotnetCore.RSA\DotnetCore.RSA.csproj", "{B7AB79B6-3443-4B33-A1C4-573BD5A31025}"
EndProject
Global
	GlobalSection(SolutionConfigurationPlatforms) = preSolution
		Debug|Any CPU = Debug|Any CPU
		Release|Any CPU = Release|Any CPU
	EndGlobalSection
	GlobalSection(ProjectConfigurationPlatforms) = postSolution
		{B7AB79B6-3443-4B33-A1C4-573BD5A31025}.Debug|Any CPU.ActiveCfg = Debug|Any CPU
		{B7AB79B6-3443-4B33-A1C4-573BD5A31025}.Debug|Any CPU.Build.0 = Debug|Any CPU
		{B7AB79B6-3443-4B33-A1C4-573BD5A31025}.Release|Any CPU.ActiveCfg = Release|Any CPU
		{B7AB79B6-3443-4B33-A1C4-573BD5A31025}.Release|Any CPU.Build.0 = Release|Any CPU
	EndGlobalSection
	GlobalSection(SolutionProperties) = preSolution
		HideSolutionNode = FALSE
	EndGlobalSection
	GlobalSection(ExtensibilityGlobals) = postSolution
		SolutionGuid = {4A9E379F-DEAA-42E2-92A4-38273F171BE9}
	EndGlobalSection
EndGlobal
